// !$*UTF8*$!
{
	archiveVersion = 1;
	classes = {
	};
	objectVersion = 50;
	objects = {

/* Begin PBXBuildFile section */
		4600A71423278D37004A7A9E /* AppDelegate.swift in Sources */ = {isa = PBXBuildFile; fileRef = 4600A71323278D37004A7A9E /* AppDelegate.swift */; };
		4600A71623278D37004A7A9E /* HomeViewController.swift in Sources */ = {isa = PBXBuildFile; fileRef = 4600A71523278D37004A7A9E /* HomeViewController.swift */; };
		4600A71923278D37004A7A9E /* Main.storyboard in Resources */ = {isa = PBXBuildFile; fileRef = 4600A71723278D37004A7A9E /* Main.storyboard */; };
		4600A71B23278D38004A7A9E /* Assets.xcassets in Resources */ = {isa = PBXBuildFile; fileRef = 4600A71A23278D38004A7A9E /* Assets.xcassets */; };
		4600A71E23278D38004A7A9E /* LaunchScreen.storyboard in Resources */ = {isa = PBXBuildFile; fileRef = 4600A71C23278D38004A7A9E /* LaunchScreen.storyboard */; };
		4600A72C23278FD5004A7A9E /* Login.storyboard in Resources */ = {isa = PBXBuildFile; fileRef = 4600A72B23278FD5004A7A9E /* Login.storyboard */; };
		461380422328F181007C3FA4 /* LoginViewController.swift in Sources */ = {isa = PBXBuildFile; fileRef = 461380412328F181007C3FA4 /* LoginViewController.swift */; };
		46138044232906C7007C3FA4 /* SignupViewController.swift in Sources */ = {isa = PBXBuildFile; fileRef = 46138043232906C7007C3FA4 /* SignupViewController.swift */; };
		46138046232918DD007C3FA4 /* ForgotPasswordViewController.swift in Sources */ = {isa = PBXBuildFile; fileRef = 46138045232918DD007C3FA4 /* ForgotPasswordViewController.swift */; };
		4613804823292E52007C3FA4 /* UIVIewController + Extension.swift in Sources */ = {isa = PBXBuildFile; fileRef = 4613804723292E52007C3FA4 /* UIVIewController + Extension.swift */; };
		4613804A232931E9007C3FA4 /* VerificationViewController.swift in Sources */ = {isa = PBXBuildFile; fileRef = 46138049232931E9007C3FA4 /* VerificationViewController.swift */; };
		4616EF14232A146F00B138A3 /* VKLabel.swift in Sources */ = {isa = PBXBuildFile; fileRef = 4616EF11232A146F00B138A3 /* VKLabel.swift */; };
		4616EF15232A146F00B138A3 /* VKEntryViewStyle.swift in Sources */ = {isa = PBXBuildFile; fileRef = 4616EF12232A146F00B138A3 /* VKEntryViewStyle.swift */; };
		4616EF16232A146F00B138A3 /* VKPinCodeView.swift in Sources */ = {isa = PBXBuildFile; fileRef = 4616EF13232A146F00B138A3 /* VKPinCodeView.swift */; };
		4616EF18232A289700B138A3 /* UINavigationController + Extension.swift in Sources */ = {isa = PBXBuildFile; fileRef = 4616EF17232A289700B138A3 /* UINavigationController + Extension.swift */; };
		4616EF1A232A57CF00B138A3 /* UIview + Extension.swift in Sources */ = {isa = PBXBuildFile; fileRef = 4616EF19232A57CF00B138A3 /* UIview + Extension.swift */; };
		461D5B5A232B57CF007CB670 /* ProductDetailViewController.swift in Sources */ = {isa = PBXBuildFile; fileRef = 461D5B59232B57CF007CB670 /* ProductDetailViewController.swift */; };
		4631E9942327A4CD0088B49F /* ThemeButton.swift in Sources */ = {isa = PBXBuildFile; fileRef = 4631E9932327A4CD0088B49F /* ThemeButton.swift */; };
		4631E9962327A5040088B49F /* Constants.swift in Sources */ = {isa = PBXBuildFile; fileRef = 4631E9952327A5040088B49F /* Constants.swift */; };
		4631E9982327AD820088B49F /* UIColor + Extension.swift in Sources */ = {isa = PBXBuildFile; fileRef = 4631E9972327AD820088B49F /* UIColor + Extension.swift */; };
		4631E9A32327C9AF0088B49F /* Nunito-Medium.ttf in Resources */ = {isa = PBXBuildFile; fileRef = 4631E99A2327C9AF0088B49F /* Nunito-Medium.ttf */; };
		4631E9A42327C9AF0088B49F /* SIL Open Font License.txt in Resources */ = {isa = PBXBuildFile; fileRef = 4631E99B2327C9AF0088B49F /* SIL Open Font License.txt */; };
		4631E9A52327C9AF0088B49F /* Nunito-ExtraBold.ttf in Resources */ = {isa = PBXBuildFile; fileRef = 4631E99C2327C9AF0088B49F /* Nunito-ExtraBold.ttf */; };
		4631E9A62327C9AF0088B49F /* Nunito-Light.ttf in Resources */ = {isa = PBXBuildFile; fileRef = 4631E99D2327C9AF0088B49F /* Nunito-Light.ttf */; };
		4631E9A72327C9AF0088B49F /* Nunito-Regular.ttf in Resources */ = {isa = PBXBuildFile; fileRef = 4631E99E2327C9AF0088B49F /* Nunito-Regular.ttf */; };
		4631E9A82327C9AF0088B49F /* Nunito-SemiBold.ttf in Resources */ = {isa = PBXBuildFile; fileRef = 4631E99F2327C9AF0088B49F /* Nunito-SemiBold.ttf */; };
		4631E9A92327C9AF0088B49F /* Nunito-Bold.ttf in Resources */ = {isa = PBXBuildFile; fileRef = 4631E9A02327C9AF0088B49F /* Nunito-Bold.ttf */; };
		4631E9AA2327C9AF0088B49F /* Nunito-Black.ttf in Resources */ = {isa = PBXBuildFile; fileRef = 4631E9A12327C9AF0088B49F /* Nunito-Black.ttf */; };
		4631E9AB2327C9AF0088B49F /* Nunito-ExtraLight.ttf in Resources */ = {isa = PBXBuildFile; fileRef = 4631E9A22327C9AF0088B49F /* Nunito-ExtraLight.ttf */; };
		4631E9AD2327D1870088B49F /* WelcomeViewController.swift in Sources */ = {isa = PBXBuildFile; fileRef = 4631E9AC2327D1870088B49F /* WelcomeViewController.swift */; };
		4631E9AF2327D1E40088B49F /* UtilityClass.swift in Sources */ = {isa = PBXBuildFile; fileRef = 4631E9AE2327D1E40088B49F /* UtilityClass.swift */; };
		4631E9B12327DB4C0088B49F /* RoundedShadowView.swift in Sources */ = {isa = PBXBuildFile; fileRef = 4631E9B02327DB4C0088B49F /* RoundedShadowView.swift */; };
		465ECE612330DB1B004FE65E /* SplashViewController.swift in Sources */ = {isa = PBXBuildFile; fileRef = 465ECE602330DB1B004FE65E /* SplashViewController.swift */; };
		46C913232330E0EA0068C788 /* FillableLoaders.framework in Frameworks */ = {isa = PBXBuildFile; fileRef = 46C913222330E0EA0068C788 /* FillableLoaders.framework */; };
		46C9132C2330EA110068C788 /* WaveLayer.m in Sources */ = {isa = PBXBuildFile; fileRef = 46C913282330EA110068C788 /* WaveLayer.m */; };
		46C9132D2330EA110068C788 /* LKAWaveCircleProgressBar.m in Sources */ = {isa = PBXBuildFile; fileRef = 46C9132B2330EA110068C788 /* LKAWaveCircleProgressBar.m */; };
		46ECAEBB232A6E3200FCD029 /* StoreViewController.swift in Sources */ = {isa = PBXBuildFile; fileRef = 46ECAEBA232A6E3200FCD029 /* StoreViewController.swift */; };
		46ECAEBD232A756F00FCD029 /* StoreTableViewCell.swift in Sources */ = {isa = PBXBuildFile; fileRef = 46ECAEBC232A756F00FCD029 /* StoreTableViewCell.swift */; };
		46FD51D7232F92B200182B86 /* TabViewController.swift in Sources */ = {isa = PBXBuildFile; fileRef = 46FD51D6232F92B200182B86 /* TabViewController.swift */; };
		46FD51D9232F9D1600182B86 /* WalletViewController.swift in Sources */ = {isa = PBXBuildFile; fileRef = 46FD51D8232F9D1600182B86 /* WalletViewController.swift */; };
		46FD51DB232F9D3000182B86 /* StatisticsViewController.swift in Sources */ = {isa = PBXBuildFile; fileRef = 46FD51DA232F9D3000182B86 /* StatisticsViewController.swift */; };
		46FD51DD232F9D3D00182B86 /* ProfileViewController.swift in Sources */ = {isa = PBXBuildFile; fileRef = 46FD51DC232F9D3D00182B86 /* ProfileViewController.swift */; };
		9DCAE301DCDCDFFA96E550E9 /* Pods_Movecoin.framework in Frameworks */ = {isa = PBXBuildFile; fileRef = DBB270C4AD13709CBCFBF4ED /* Pods_Movecoin.framework */; };
/* End PBXBuildFile section */

/* Begin PBXFileReference section */
		4600A71023278D37004A7A9E /* Movecoin.app */ = {isa = PBXFileReference; explicitFileType = wrapper.application; includeInIndex = 0; path = Movecoin.app; sourceTree = BUILT_PRODUCTS_DIR; };
		4600A71323278D37004A7A9E /* AppDelegate.swift */ = {isa = PBXFileReference; lastKnownFileType = sourcecode.swift; path = AppDelegate.swift; sourceTree = "<group>"; };
		4600A71523278D37004A7A9E /* HomeViewController.swift */ = {isa = PBXFileReference; lastKnownFileType = sourcecode.swift; path = HomeViewController.swift; sourceTree = "<group>"; };
		4600A71823278D37004A7A9E /* Base */ = {isa = PBXFileReference; lastKnownFileType = file.storyboard; name = Base; path = Base.lproj/Main.storyboard; sourceTree = "<group>"; };
		4600A71A23278D38004A7A9E /* Assets.xcassets */ = {isa = PBXFileReference; lastKnownFileType = folder.assetcatalog; path = Assets.xcassets; sourceTree = "<group>"; };
		4600A71D23278D38004A7A9E /* Base */ = {isa = PBXFileReference; lastKnownFileType = file.storyboard; name = Base; path = Base.lproj/LaunchScreen.storyboard; sourceTree = "<group>"; };
		4600A71F23278D38004A7A9E /* Info.plist */ = {isa = PBXFileReference; lastKnownFileType = text.plist.xml; path = Info.plist; sourceTree = "<group>"; };
		4600A72B23278FD5004A7A9E /* Login.storyboard */ = {isa = PBXFileReference; lastKnownFileType = file.storyboard; path = Login.storyboard; sourceTree = "<group>"; };
		461380412328F181007C3FA4 /* LoginViewController.swift */ = {isa = PBXFileReference; lastKnownFileType = sourcecode.swift; path = LoginViewController.swift; sourceTree = "<group>"; };
		46138043232906C7007C3FA4 /* SignupViewController.swift */ = {isa = PBXFileReference; lastKnownFileType = sourcecode.swift; path = SignupViewController.swift; sourceTree = "<group>"; };
		46138045232918DD007C3FA4 /* ForgotPasswordViewController.swift */ = {isa = PBXFileReference; lastKnownFileType = sourcecode.swift; path = ForgotPasswordViewController.swift; sourceTree = "<group>"; };
		4613804723292E52007C3FA4 /* UIVIewController + Extension.swift */ = {isa = PBXFileReference; lastKnownFileType = sourcecode.swift; path = "UIVIewController + Extension.swift"; sourceTree = "<group>"; };
		46138049232931E9007C3FA4 /* VerificationViewController.swift */ = {isa = PBXFileReference; lastKnownFileType = sourcecode.swift; path = VerificationViewController.swift; sourceTree = "<group>"; };
		4616EF11232A146F00B138A3 /* VKLabel.swift */ = {isa = PBXFileReference; fileEncoding = 4; lastKnownFileType = sourcecode.swift; path = VKLabel.swift; sourceTree = "<group>"; };
		4616EF12232A146F00B138A3 /* VKEntryViewStyle.swift */ = {isa = PBXFileReference; fileEncoding = 4; lastKnownFileType = sourcecode.swift; path = VKEntryViewStyle.swift; sourceTree = "<group>"; };
		4616EF13232A146F00B138A3 /* VKPinCodeView.swift */ = {isa = PBXFileReference; fileEncoding = 4; lastKnownFileType = sourcecode.swift; path = VKPinCodeView.swift; sourceTree = "<group>"; };
		4616EF17232A289700B138A3 /* UINavigationController + Extension.swift */ = {isa = PBXFileReference; lastKnownFileType = sourcecode.swift; path = "UINavigationController + Extension.swift"; sourceTree = "<group>"; };
		4616EF19232A57CF00B138A3 /* UIview + Extension.swift */ = {isa = PBXFileReference; lastKnownFileType = sourcecode.swift; path = "UIview + Extension.swift"; sourceTree = "<group>"; };
		461D5B59232B57CF007CB670 /* ProductDetailViewController.swift */ = {isa = PBXFileReference; lastKnownFileType = sourcecode.swift; path = ProductDetailViewController.swift; sourceTree = "<group>"; };
		4631E9932327A4CD0088B49F /* ThemeButton.swift */ = {isa = PBXFileReference; lastKnownFileType = sourcecode.swift; path = ThemeButton.swift; sourceTree = "<group>"; };
		4631E9952327A5040088B49F /* Constants.swift */ = {isa = PBXFileReference; lastKnownFileType = sourcecode.swift; path = Constants.swift; sourceTree = "<group>"; };
		4631E9972327AD820088B49F /* UIColor + Extension.swift */ = {isa = PBXFileReference; lastKnownFileType = sourcecode.swift; path = "UIColor + Extension.swift"; sourceTree = "<group>"; };
		4631E99A2327C9AF0088B49F /* Nunito-Medium.ttf */ = {isa = PBXFileReference; lastKnownFileType = file; path = "Nunito-Medium.ttf"; sourceTree = "<group>"; };
		4631E99B2327C9AF0088B49F /* SIL Open Font License.txt */ = {isa = PBXFileReference; fileEncoding = 4; lastKnownFileType = text; path = "SIL Open Font License.txt"; sourceTree = "<group>"; };
		4631E99C2327C9AF0088B49F /* Nunito-ExtraBold.ttf */ = {isa = PBXFileReference; lastKnownFileType = file; path = "Nunito-ExtraBold.ttf"; sourceTree = "<group>"; };
		4631E99D2327C9AF0088B49F /* Nunito-Light.ttf */ = {isa = PBXFileReference; lastKnownFileType = file; path = "Nunito-Light.ttf"; sourceTree = "<group>"; };
		4631E99E2327C9AF0088B49F /* Nunito-Regular.ttf */ = {isa = PBXFileReference; lastKnownFileType = file; path = "Nunito-Regular.ttf"; sourceTree = "<group>"; };
		4631E99F2327C9AF0088B49F /* Nunito-SemiBold.ttf */ = {isa = PBXFileReference; lastKnownFileType = file; path = "Nunito-SemiBold.ttf"; sourceTree = "<group>"; };
		4631E9A02327C9AF0088B49F /* Nunito-Bold.ttf */ = {isa = PBXFileReference; lastKnownFileType = file; path = "Nunito-Bold.ttf"; sourceTree = "<group>"; };
		4631E9A12327C9AF0088B49F /* Nunito-Black.ttf */ = {isa = PBXFileReference; lastKnownFileType = file; path = "Nunito-Black.ttf"; sourceTree = "<group>"; };
		4631E9A22327C9AF0088B49F /* Nunito-ExtraLight.ttf */ = {isa = PBXFileReference; lastKnownFileType = file; path = "Nunito-ExtraLight.ttf"; sourceTree = "<group>"; };
		4631E9AC2327D1870088B49F /* WelcomeViewController.swift */ = {isa = PBXFileReference; lastKnownFileType = sourcecode.swift; path = WelcomeViewController.swift; sourceTree = "<group>"; };
		4631E9AE2327D1E40088B49F /* UtilityClass.swift */ = {isa = PBXFileReference; lastKnownFileType = sourcecode.swift; path = UtilityClass.swift; sourceTree = "<group>"; };
		4631E9B02327DB4C0088B49F /* RoundedShadowView.swift */ = {isa = PBXFileReference; lastKnownFileType = sourcecode.swift; path = RoundedShadowView.swift; sourceTree = "<group>"; };
		465ECE602330DB1B004FE65E /* SplashViewController.swift */ = {isa = PBXFileReference; lastKnownFileType = sourcecode.swift; path = SplashViewController.swift; sourceTree = "<group>"; };
		46C9131A2330E0BD0068C788 /* LICENSE */ = {isa = PBXFileReference; lastKnownFileType = text; path = LICENSE; sourceTree = "<group>"; };
		46C9131C2330E0BD0068C788 /* FillableLoader.swift */ = {isa = PBXFileReference; lastKnownFileType = sourcecode.swift; path = FillableLoader.swift; sourceTree = "<group>"; };
		46C9131D2330E0BD0068C788 /* SpikeLoader.swift */ = {isa = PBXFileReference; lastKnownFileType = sourcecode.swift; path = SpikeLoader.swift; sourceTree = "<group>"; };
		46C9131E2330E0BD0068C788 /* RoundedLoader.swift */ = {isa = PBXFileReference; lastKnownFileType = sourcecode.swift; path = RoundedLoader.swift; sourceTree = "<group>"; };
		46C9131F2330E0BD0068C788 /* PlainLoader.swift */ = {isa = PBXFileReference; lastKnownFileType = sourcecode.swift; path = PlainLoader.swift; sourceTree = "<group>"; };
		46C913202330E0BD0068C788 /* WavesLoader.swift */ = {isa = PBXFileReference; lastKnownFileType = sourcecode.swift; path = WavesLoader.swift; sourceTree = "<group>"; };
		46C913212330E0BD0068C788 /* README.md */ = {isa = PBXFileReference; lastKnownFileType = net.daringfireball.markdown; path = README.md; sourceTree = "<group>"; };
		46C913222330E0EA0068C788 /* FillableLoaders.framework */ = {isa = PBXFileReference; explicitFileType = wrapper.framework; path = FillableLoaders.framework; sourceTree = BUILT_PRODUCTS_DIR; };
		46C913282330EA110068C788 /* WaveLayer.m */ = {isa = PBXFileReference; fileEncoding = 4; lastKnownFileType = sourcecode.c.objc; path = WaveLayer.m; sourceTree = "<group>"; };
		46C913292330EA110068C788 /* LKAWaveCircleProgressBar.h */ = {isa = PBXFileReference; fileEncoding = 4; lastKnownFileType = sourcecode.c.h; path = LKAWaveCircleProgressBar.h; sourceTree = "<group>"; };
		46C9132A2330EA110068C788 /* WaveLayer.h */ = {isa = PBXFileReference; fileEncoding = 4; lastKnownFileType = sourcecode.c.h; path = WaveLayer.h; sourceTree = "<group>"; };
		46C9132B2330EA110068C788 /* LKAWaveCircleProgressBar.m */ = {isa = PBXFileReference; fileEncoding = 4; lastKnownFileType = sourcecode.c.objc; path = LKAWaveCircleProgressBar.m; sourceTree = "<group>"; };
		46C9132F2330EC360068C788 /* Movecoin-Bridging-Header.h */ = {isa = PBXFileReference; lastKnownFileType = sourcecode.c.h; path = "Movecoin-Bridging-Header.h"; sourceTree = "<group>"; };
		46ECAEBA232A6E3200FCD029 /* StoreViewController.swift */ = {isa = PBXFileReference; lastKnownFileType = sourcecode.swift; path = StoreViewController.swift; sourceTree = "<group>"; };
		46ECAEBC232A756F00FCD029 /* StoreTableViewCell.swift */ = {isa = PBXFileReference; lastKnownFileType = sourcecode.swift; path = StoreTableViewCell.swift; sourceTree = "<group>"; };
		46FD51D6232F92B200182B86 /* TabViewController.swift */ = {isa = PBXFileReference; lastKnownFileType = sourcecode.swift; path = TabViewController.swift; sourceTree = "<group>"; };
		46FD51D8232F9D1600182B86 /* WalletViewController.swift */ = {isa = PBXFileReference; lastKnownFileType = sourcecode.swift; path = WalletViewController.swift; sourceTree = "<group>"; };
		46FD51DA232F9D3000182B86 /* StatisticsViewController.swift */ = {isa = PBXFileReference; lastKnownFileType = sourcecode.swift; path = StatisticsViewController.swift; sourceTree = "<group>"; };
		46FD51DC232F9D3D00182B86 /* ProfileViewController.swift */ = {isa = PBXFileReference; lastKnownFileType = sourcecode.swift; path = ProfileViewController.swift; sourceTree = "<group>"; };
		477FF479109FF521DF9958AC /* Pods-Movecoin.debug.xcconfig */ = {isa = PBXFileReference; includeInIndex = 1; lastKnownFileType = text.xcconfig; name = "Pods-Movecoin.debug.xcconfig"; path = "Target Support Files/Pods-Movecoin/Pods-Movecoin.debug.xcconfig"; sourceTree = "<group>"; };
		4D4D633531C407587B2596F3 /* Pods-Movecoin.release.xcconfig */ = {isa = PBXFileReference; includeInIndex = 1; lastKnownFileType = text.xcconfig; name = "Pods-Movecoin.release.xcconfig"; path = "Target Support Files/Pods-Movecoin/Pods-Movecoin.release.xcconfig"; sourceTree = "<group>"; };
		DBB270C4AD13709CBCFBF4ED /* Pods_Movecoin.framework */ = {isa = PBXFileReference; explicitFileType = wrapper.framework; includeInIndex = 0; path = Pods_Movecoin.framework; sourceTree = BUILT_PRODUCTS_DIR; };
/* End PBXFileReference section */

/* Begin PBXFrameworksBuildPhase section */
		4600A70D23278D37004A7A9E /* Frameworks */ = {
			isa = PBXFrameworksBuildPhase;
			buildActionMask = 2147483647;
			files = (
				46C913232330E0EA0068C788 /* FillableLoaders.framework in Frameworks */,
				9DCAE301DCDCDFFA96E550E9 /* Pods_Movecoin.framework in Frameworks */,
			);
			runOnlyForDeploymentPostprocessing = 0;
		};
/* End PBXFrameworksBuildPhase section */

/* Begin PBXGroup section */
		28D254C20CB1D48D8A390266 /* Frameworks */ = {
			isa = PBXGroup;
			children = (
				46C913222330E0EA0068C788 /* FillableLoaders.framework */,
				46C913192330E0BD0068C788 /* FillableLoaders */,
				DBB270C4AD13709CBCFBF4ED /* Pods_Movecoin.framework */,
			);
			name = Frameworks;
			sourceTree = "<group>";
		};
		4600A70723278D37004A7A9E = {
			isa = PBXGroup;
			children = (
				4600A71223278D37004A7A9E /* Movecoin */,
				4600A71123278D37004A7A9E /* Products */,
				DF2F98B8453FADEA93BD8687 /* Pods */,
				28D254C20CB1D48D8A390266 /* Frameworks */,
			);
			sourceTree = "<group>";
		};
		4600A71123278D37004A7A9E /* Products */ = {
			isa = PBXGroup;
			children = (
				4600A71023278D37004A7A9E /* Movecoin.app */,
			);
			name = Products;
			sourceTree = "<group>";
		};
		4600A71223278D37004A7A9E /* Movecoin */ = {
			isa = PBXGroup;
			children = (
				4600A72A23278DAB004A7A9E /* Extensions */,
				4600A72923278D93004A7A9E /* Classes */,
				4600A72523278D5A004A7A9E /* Model */,
				4600A72623278D63004A7A9E /* View */,
				4600A72723278D69004A7A9E /* Controller */,
				4616EF0F232A143B00B138A3 /* Library */,
				4600A72823278D8A004A7A9E /* Resources */,
				4600A71323278D37004A7A9E /* AppDelegate.swift */,
				4600A71F23278D38004A7A9E /* Info.plist */,
				4600A71C23278D38004A7A9E /* LaunchScreen.storyboard */,
				4600A72B23278FD5004A7A9E /* Login.storyboard */,
				4600A71723278D37004A7A9E /* Main.storyboard */,
			);
			path = Movecoin;
			sourceTree = "<group>";
		};
		4600A72523278D5A004A7A9E /* Model */ = {
			isa = PBXGroup;
			children = (
			);
			path = Model;
			sourceTree = "<group>";
		};
		4600A72623278D63004A7A9E /* View */ = {
			isa = PBXGroup;
			children = (
				46ECAEBC232A756F00FCD029 /* StoreTableViewCell.swift */,
			);
			path = View;
			sourceTree = "<group>";
		};
		4600A72723278D69004A7A9E /* Controller */ = {
			isa = PBXGroup;
			children = (
				465ECE5F2330C363004FE65E /* Splash Screen */,
				465ECE5C2330BEC9004FE65E /* Login Screens */,
				465ECE5D2330BEED004FE65E /* Tabbar Screen */,
				465ECE5E2330BF2A004FE65E /* Home Screens */,
				46ECAEBA232A6E3200FCD029 /* StoreViewController.swift */,
				46FD51D8232F9D1600182B86 /* WalletViewController.swift */,
				46FD51DA232F9D3000182B86 /* StatisticsViewController.swift */,
				46FD51DC232F9D3D00182B86 /* ProfileViewController.swift */,
			);
			path = Controller;
			sourceTree = "<group>";
		};
		4600A72823278D8A004A7A9E /* Resources */ = {
			isa = PBXGroup;
			children = (
				4631E9992327C9AF0088B49F /* nunito */,
				4600A71A23278D38004A7A9E /* Assets.xcassets */,
				4631E9952327A5040088B49F /* Constants.swift */,
				46C9132F2330EC360068C788 /* Movecoin-Bridging-Header.h */,
			);
			path = Resources;
			sourceTree = "<group>";
		};
		4600A72923278D93004A7A9E /* Classes */ = {
			isa = PBXGroup;
			children = (
				4631E9932327A4CD0088B49F /* ThemeButton.swift */,
				4631E9B02327DB4C0088B49F /* RoundedShadowView.swift */,
				4631E9AE2327D1E40088B49F /* UtilityClass.swift */,
			);
			path = Classes;
			sourceTree = "<group>";
		};
		4600A72A23278DAB004A7A9E /* Extensions */ = {
			isa = PBXGroup;
			children = (
				4631E9972327AD820088B49F /* UIColor + Extension.swift */,
				4613804723292E52007C3FA4 /* UIVIewController + Extension.swift */,
				4616EF17232A289700B138A3 /* UINavigationController + Extension.swift */,
				4616EF19232A57CF00B138A3 /* UIview + Extension.swift */,
			);
			path = Extensions;
			sourceTree = "<group>";
		};
		4616EF0F232A143B00B138A3 /* Library */ = {
			isa = PBXGroup;
			children = (
				46C913272330EA110068C788 /* LKAWaveCircleProgressBar */,
				4616EF10232A145000B138A3 /* VKPinCodeView */,
			);
			path = Library;
			sourceTree = "<group>";
		};
		4616EF10232A145000B138A3 /* VKPinCodeView */ = {
			isa = PBXGroup;
			children = (
				4616EF12232A146F00B138A3 /* VKEntryViewStyle.swift */,
				4616EF11232A146F00B138A3 /* VKLabel.swift */,
				4616EF13232A146F00B138A3 /* VKPinCodeView.swift */,
			);
			path = VKPinCodeView;
			sourceTree = "<group>";
		};
		4631E9992327C9AF0088B49F /* nunito */ = {
			isa = PBXGroup;
			children = (
				4631E99A2327C9AF0088B49F /* Nunito-Medium.ttf */,
				4631E99B2327C9AF0088B49F /* SIL Open Font License.txt */,
				4631E99C2327C9AF0088B49F /* Nunito-ExtraBold.ttf */,
				4631E99D2327C9AF0088B49F /* Nunito-Light.ttf */,
				4631E99E2327C9AF0088B49F /* Nunito-Regular.ttf */,
				4631E99F2327C9AF0088B49F /* Nunito-SemiBold.ttf */,
				4631E9A02327C9AF0088B49F /* Nunito-Bold.ttf */,
				4631E9A12327C9AF0088B49F /* Nunito-Black.ttf */,
				4631E9A22327C9AF0088B49F /* Nunito-ExtraLight.ttf */,
			);
			path = nunito;
			sourceTree = "<group>";
		};
		465ECE5C2330BEC9004FE65E /* Login Screens */ = {
			isa = PBXGroup;
			children = (
				4631E9AC2327D1870088B49F /* WelcomeViewController.swift */,
				461380412328F181007C3FA4 /* LoginViewController.swift */,
				46138043232906C7007C3FA4 /* SignupViewController.swift */,
				46138045232918DD007C3FA4 /* ForgotPasswordViewController.swift */,
				46138049232931E9007C3FA4 /* VerificationViewController.swift */,
			);
			path = "Login Screens";
			sourceTree = "<group>";
		};
		465ECE5D2330BEED004FE65E /* Tabbar Screen */ = {
			isa = PBXGroup;
			children = (
				46FD51D6232F92B200182B86 /* TabViewController.swift */,
			);
			path = "Tabbar Screen";
			sourceTree = "<group>";
		};
		465ECE5E2330BF2A004FE65E /* Home Screens */ = {
			isa = PBXGroup;
			children = (
				4600A71523278D37004A7A9E /* HomeViewController.swift */,
				461D5B59232B57CF007CB670 /* ProductDetailViewController.swift */,
			);
			path = "Home Screens";
			sourceTree = "<group>";
		};
		465ECE5F2330C363004FE65E /* Splash Screen */ = {
			isa = PBXGroup;
			children = (
				465ECE602330DB1B004FE65E /* SplashViewController.swift */,
			);
			path = "Splash Screen";
			sourceTree = "<group>";
		};
		46C913192330E0BD0068C788 /* FillableLoaders */ = {
			isa = PBXGroup;
			children = (
				46C9131A2330E0BD0068C788 /* LICENSE */,
				46C9131B2330E0BD0068C788 /* Source */,
				46C913212330E0BD0068C788 /* README.md */,
			);
			name = FillableLoaders;
			path = Pods/FillableLoaders;
			sourceTree = "<group>";
		};
		46C9131B2330E0BD0068C788 /* Source */ = {
			isa = PBXGroup;
			children = (
				46C9131C2330E0BD0068C788 /* FillableLoader.swift */,
				46C9131D2330E0BD0068C788 /* SpikeLoader.swift */,
				46C9131E2330E0BD0068C788 /* RoundedLoader.swift */,
				46C9131F2330E0BD0068C788 /* PlainLoader.swift */,
				46C913202330E0BD0068C788 /* WavesLoader.swift */,
			);
			path = Source;
			sourceTree = "<group>";
		};
		46C913272330EA110068C788 /* LKAWaveCircleProgressBar */ = {
			isa = PBXGroup;
			children = (
				46C913282330EA110068C788 /* WaveLayer.m */,
				46C913292330EA110068C788 /* LKAWaveCircleProgressBar.h */,
				46C9132A2330EA110068C788 /* WaveLayer.h */,
				46C9132B2330EA110068C788 /* LKAWaveCircleProgressBar.m */,
			);
			path = LKAWaveCircleProgressBar;
			sourceTree = "<group>";
		};
		DF2F98B8453FADEA93BD8687 /* Pods */ = {
			isa = PBXGroup;
			children = (
				477FF479109FF521DF9958AC /* Pods-Movecoin.debug.xcconfig */,
				4D4D633531C407587B2596F3 /* Pods-Movecoin.release.xcconfig */,
			);
			path = Pods;
			sourceTree = "<group>";
		};
/* End PBXGroup section */

/* Begin PBXNativeTarget section */
		4600A70F23278D37004A7A9E /* Movecoin */ = {
			isa = PBXNativeTarget;
			buildConfigurationList = 4600A72223278D38004A7A9E /* Build configuration list for PBXNativeTarget "Movecoin" */;
			buildPhases = (
				B39B45237D4D469052F2E81B /* [CP] Check Pods Manifest.lock */,
				4600A70C23278D37004A7A9E /* Sources */,
				4600A70D23278D37004A7A9E /* Frameworks */,
				4600A70E23278D37004A7A9E /* Resources */,
				D1F5A5CA12B133217CF010DB /* [CP] Embed Pods Frameworks */,
			);
			buildRules = (
			);
			dependencies = (
			);
			name = Movecoin;
			productName = Movecoin;
			productReference = 4600A71023278D37004A7A9E /* Movecoin.app */;
			productType = "com.apple.product-type.application";
		};
/* End PBXNativeTarget section */

/* Begin PBXProject section */
		4600A70823278D37004A7A9E /* Project object */ = {
			isa = PBXProject;
			attributes = {
				LastSwiftUpdateCheck = 1020;
				LastUpgradeCheck = 1020;
				ORGANIZATIONNAME = eww090;
				TargetAttributes = {
					4600A70F23278D37004A7A9E = {
						CreatedOnToolsVersion = 10.2.1;
					};
				};
			};
			buildConfigurationList = 4600A70B23278D37004A7A9E /* Build configuration list for PBXProject "Movecoin" */;
			compatibilityVersion = "Xcode 9.3";
			developmentRegion = en;
			hasScannedForEncodings = 0;
			knownRegions = (
				en,
				Base,
			);
			mainGroup = 4600A70723278D37004A7A9E;
			productRefGroup = 4600A71123278D37004A7A9E /* Products */;
			projectDirPath = "";
			projectRoot = "";
			targets = (
				4600A70F23278D37004A7A9E /* Movecoin */,
			);
		};
/* End PBXProject section */

/* Begin PBXResourcesBuildPhase section */
		4600A70E23278D37004A7A9E /* Resources */ = {
			isa = PBXResourcesBuildPhase;
			buildActionMask = 2147483647;
			files = (
				4600A72C23278FD5004A7A9E /* Login.storyboard in Resources */,
				4600A71E23278D38004A7A9E /* LaunchScreen.storyboard in Resources */,
				4600A71B23278D38004A7A9E /* Assets.xcassets in Resources */,
				4631E9A42327C9AF0088B49F /* SIL Open Font License.txt in Resources */,
				4631E9A82327C9AF0088B49F /* Nunito-SemiBold.ttf in Resources */,
				4600A71923278D37004A7A9E /* Main.storyboard in Resources */,
				4631E9A92327C9AF0088B49F /* Nunito-Bold.ttf in Resources */,
				4631E9A32327C9AF0088B49F /* Nunito-Medium.ttf in Resources */,
				4631E9A72327C9AF0088B49F /* Nunito-Regular.ttf in Resources */,
				4631E9A62327C9AF0088B49F /* Nunito-Light.ttf in Resources */,
				4631E9A52327C9AF0088B49F /* Nunito-ExtraBold.ttf in Resources */,
				4631E9AA2327C9AF0088B49F /* Nunito-Black.ttf in Resources */,
				4631E9AB2327C9AF0088B49F /* Nunito-ExtraLight.ttf in Resources */,
			);
			runOnlyForDeploymentPostprocessing = 0;
		};
/* End PBXResourcesBuildPhase section */

/* Begin PBXShellScriptBuildPhase section */
		B39B45237D4D469052F2E81B /* [CP] Check Pods Manifest.lock */ = {
			isa = PBXShellScriptBuildPhase;
			buildActionMask = 2147483647;
			files = (
			);
			inputFileListPaths = (
			);
			inputPaths = (
				"${PODS_PODFILE_DIR_PATH}/Podfile.lock",
				"${PODS_ROOT}/Manifest.lock",
			);
			name = "[CP] Check Pods Manifest.lock";
			outputFileListPaths = (
			);
			outputPaths = (
				"$(DERIVED_FILE_DIR)/Pods-Movecoin-checkManifestLockResult.txt",
			);
			runOnlyForDeploymentPostprocessing = 0;
			shellPath = /bin/sh;
			shellScript = "diff \"${PODS_PODFILE_DIR_PATH}/Podfile.lock\" \"${PODS_ROOT}/Manifest.lock\" > /dev/null\nif [ $? != 0 ] ; then\n    # print error to STDERR\n    echo \"error: The sandbox is not in sync with the Podfile.lock. Run 'pod install' or update your CocoaPods installation.\" >&2\n    exit 1\nfi\n# This output is used by Xcode 'outputs' to avoid re-running this script phase.\necho \"SUCCESS\" > \"${SCRIPT_OUTPUT_FILE_0}\"\n";
			showEnvVarsInLog = 0;
		};
		D1F5A5CA12B133217CF010DB /* [CP] Embed Pods Frameworks */ = {
			isa = PBXShellScriptBuildPhase;
			buildActionMask = 2147483647;
			files = (
			);
			inputFileListPaths = (
			);
			inputPaths = (
				"${PODS_ROOT}/Target Support Files/Pods-Movecoin/Pods-Movecoin-frameworks.sh",
				"${BUILT_PRODUCTS_DIR}/Alamofire/Alamofire.framework",
				"${BUILT_PRODUCTS_DIR}/Cosmos/Cosmos.framework",
				"${BUILT_PRODUCTS_DIR}/FillableLoaders/FillableLoaders.framework",
				"${BUILT_PRODUCTS_DIR}/IQKeyboardManagerSwift/IQKeyboardManagerSwift.framework",
				"${BUILT_PRODUCTS_DIR}/Kingfisher/Kingfisher.framework",
				"${BUILT_PRODUCTS_DIR}/SkyFloatingLabelTextField/SkyFloatingLabelTextField.framework",
				"${BUILT_PRODUCTS_DIR}/SwiftyJSON/SwiftyJSON.framework",
			);
			name = "[CP] Embed Pods Frameworks";
			outputFileListPaths = (
			);
			outputPaths = (
				"${TARGET_BUILD_DIR}/${FRAMEWORKS_FOLDER_PATH}/Alamofire.framework",
				"${TARGET_BUILD_DIR}/${FRAMEWORKS_FOLDER_PATH}/Cosmos.framework",
				"${TARGET_BUILD_DIR}/${FRAMEWORKS_FOLDER_PATH}/FillableLoaders.framework",
				"${TARGET_BUILD_DIR}/${FRAMEWORKS_FOLDER_PATH}/IQKeyboardManagerSwift.framework",
				"${TARGET_BUILD_DIR}/${FRAMEWORKS_FOLDER_PATH}/Kingfisher.framework",
				"${TARGET_BUILD_DIR}/${FRAMEWORKS_FOLDER_PATH}/SkyFloatingLabelTextField.framework",
				"${TARGET_BUILD_DIR}/${FRAMEWORKS_FOLDER_PATH}/SwiftyJSON.framework",
			);
			runOnlyForDeploymentPostprocessing = 0;
			shellPath = /bin/sh;
			shellScript = "\"${PODS_ROOT}/Target Support Files/Pods-Movecoin/Pods-Movecoin-frameworks.sh\"\n";
			showEnvVarsInLog = 0;
		};
/* End PBXShellScriptBuildPhase section */

/* Begin PBXSourcesBuildPhase section */
		4600A70C23278D37004A7A9E /* Sources */ = {
			isa = PBXSourcesBuildPhase;
			buildActionMask = 2147483647;
			files = (
				4613804A232931E9007C3FA4 /* VerificationViewController.swift in Sources */,
				461380422328F181007C3FA4 /* LoginViewController.swift in Sources */,
				461D5B5A232B57CF007CB670 /* ProductDetailViewController.swift in Sources */,
				46FD51DB232F9D3000182B86 /* StatisticsViewController.swift in Sources */,
				46C9132D2330EA110068C788 /* LKAWaveCircleProgressBar.m in Sources */,
				4600A71623278D37004A7A9E /* HomeViewController.swift in Sources */,
				4616EF14232A146F00B138A3 /* VKLabel.swift in Sources */,
				46138046232918DD007C3FA4 /* ForgotPasswordViewController.swift in Sources */,
				46FD51D7232F92B200182B86 /* TabViewController.swift in Sources */,
				46FD51D9232F9D1600182B86 /* WalletViewController.swift in Sources */,
				4613804823292E52007C3FA4 /* UIVIewController + Extension.swift in Sources */,
				46138044232906C7007C3FA4 /* SignupViewController.swift in Sources */,
				46C9132C2330EA110068C788 /* WaveLayer.m in Sources */,
				4631E9982327AD820088B49F /* UIColor + Extension.swift in Sources */,
				46ECAEBB232A6E3200FCD029 /* StoreViewController.swift in Sources */,
				4600A71423278D37004A7A9E /* AppDelegate.swift in Sources */,
				4631E9AD2327D1870088B49F /* WelcomeViewController.swift in Sources */,
				4616EF15232A146F00B138A3 /* VKEntryViewStyle.swift in Sources */,
				4631E9B12327DB4C0088B49F /* RoundedShadowView.swift in Sources */,
				4616EF16232A146F00B138A3 /* VKPinCodeView.swift in Sources */,
				4631E9942327A4CD0088B49F /* ThemeButton.swift in Sources */,
				465ECE612330DB1B004FE65E /* SplashViewController.swift in Sources */,
				4616EF1A232A57CF00B138A3 /* UIview + Extension.swift in Sources */,
				4631E9AF2327D1E40088B49F /* UtilityClass.swift in Sources */,
				4616EF18232A289700B138A3 /* UINavigationController + Extension.swift in Sources */,
				46FD51DD232F9D3D00182B86 /* ProfileViewController.swift in Sources */,
				4631E9962327A5040088B49F /* Constants.swift in Sources */,
				46ECAEBD232A756F00FCD029 /* StoreTableViewCell.swift in Sources */,
			);
			runOnlyForDeploymentPostprocessing = 0;
		};
/* End PBXSourcesBuildPhase section */

/* Begin PBXVariantGroup section */
		4600A71723278D37004A7A9E /* Main.storyboard */ = {
			isa = PBXVariantGroup;
			children = (
				4600A71823278D37004A7A9E /* Base */,
			);
			name = Main.storyboard;
			sourceTree = "<group>";
		};
		4600A71C23278D38004A7A9E /* LaunchScreen.storyboard */ = {
			isa = PBXVariantGroup;
			children = (
				4600A71D23278D38004A7A9E /* Base */,
			);
			name = LaunchScreen.storyboard;
			sourceTree = "<group>";
		};
/* End PBXVariantGroup section */

/* Begin XCBuildConfiguration section */
		4600A72023278D38004A7A9E /* Debug */ = {
			isa = XCBuildConfiguration;
			buildSettings = {
				ALWAYS_SEARCH_USER_PATHS = NO;
				CLANG_ANALYZER_NONNULL = YES;
				CLANG_ANALYZER_NUMBER_OBJECT_CONVERSION = YES_AGGRESSIVE;
				CLANG_CXX_LANGUAGE_STANDARD = "gnu++14";
				CLANG_CXX_LIBRARY = "libc++";
				CLANG_ENABLE_MODULES = YES;
				CLANG_ENABLE_OBJC_ARC = YES;
				CLANG_ENABLE_OBJC_WEAK = YES;
				CLANG_WARN_BLOCK_CAPTURE_AUTORELEASING = YES;
				CLANG_WARN_BOOL_CONVERSION = YES;
				CLANG_WARN_COMMA = YES;
				CLANG_WARN_CONSTANT_CONVERSION = YES;
				CLANG_WARN_DEPRECATED_OBJC_IMPLEMENTATIONS = YES;
				CLANG_WARN_DIRECT_OBJC_ISA_USAGE = YES_ERROR;
				CLANG_WARN_DOCUMENTATION_COMMENTS = YES;
				CLANG_WARN_EMPTY_BODY = YES;
				CLANG_WARN_ENUM_CONVERSION = YES;
				CLANG_WARN_INFINITE_RECURSION = YES;
				CLANG_WARN_INT_CONVERSION = YES;
				CLANG_WARN_NON_LITERAL_NULL_CONVERSION = YES;
				CLANG_WARN_OBJC_IMPLICIT_RETAIN_SELF = YES;
				CLANG_WARN_OBJC_LITERAL_CONVERSION = YES;
				CLANG_WARN_OBJC_ROOT_CLASS = YES_ERROR;
				CLANG_WARN_RANGE_LOOP_ANALYSIS = YES;
				CLANG_WARN_STRICT_PROTOTYPES = YES;
				CLANG_WARN_SUSPICIOUS_MOVE = YES;
				CLANG_WARN_UNGUARDED_AVAILABILITY = YES_AGGRESSIVE;
				CLANG_WARN_UNREACHABLE_CODE = YES;
				CLANG_WARN__DUPLICATE_METHOD_MATCH = YES;
				CODE_SIGN_IDENTITY = "iPhone Developer";
				COPY_PHASE_STRIP = NO;
				DEBUG_INFORMATION_FORMAT = dwarf;
				ENABLE_STRICT_OBJC_MSGSEND = YES;
				ENABLE_TESTABILITY = YES;
				GCC_C_LANGUAGE_STANDARD = gnu11;
				GCC_DYNAMIC_NO_PIC = NO;
				GCC_NO_COMMON_BLOCKS = YES;
				GCC_OPTIMIZATION_LEVEL = 0;
				GCC_PREPROCESSOR_DEFINITIONS = (
					"DEBUG=1",
					"$(inherited)",
				);
				GCC_WARN_64_TO_32_BIT_CONVERSION = YES;
				GCC_WARN_ABOUT_RETURN_TYPE = YES_ERROR;
				GCC_WARN_UNDECLARED_SELECTOR = YES;
				GCC_WARN_UNINITIALIZED_AUTOS = YES_AGGRESSIVE;
				GCC_WARN_UNUSED_FUNCTION = YES;
				GCC_WARN_UNUSED_VARIABLE = YES;
				IPHONEOS_DEPLOYMENT_TARGET = 12.2;
				MTL_ENABLE_DEBUG_INFO = INCLUDE_SOURCE;
				MTL_FAST_MATH = YES;
				ONLY_ACTIVE_ARCH = YES;
				SDKROOT = iphoneos;
				SWIFT_ACTIVE_COMPILATION_CONDITIONS = DEBUG;
				SWIFT_OPTIMIZATION_LEVEL = "-Onone";
			};
			name = Debug;
		};
		4600A72123278D38004A7A9E /* Release */ = {
			isa = XCBuildConfiguration;
			buildSettings = {
				ALWAYS_SEARCH_USER_PATHS = NO;
				CLANG_ANALYZER_NONNULL = YES;
				CLANG_ANALYZER_NUMBER_OBJECT_CONVERSION = YES_AGGRESSIVE;
				CLANG_CXX_LANGUAGE_STANDARD = "gnu++14";
				CLANG_CXX_LIBRARY = "libc++";
				CLANG_ENABLE_MODULES = YES;
				CLANG_ENABLE_OBJC_ARC = YES;
				CLANG_ENABLE_OBJC_WEAK = YES;
				CLANG_WARN_BLOCK_CAPTURE_AUTORELEASING = YES;
				CLANG_WARN_BOOL_CONVERSION = YES;
				CLANG_WARN_COMMA = YES;
				CLANG_WARN_CONSTANT_CONVERSION = YES;
				CLANG_WARN_DEPRECATED_OBJC_IMPLEMENTATIONS = YES;
				CLANG_WARN_DIRECT_OBJC_ISA_USAGE = YES_ERROR;
				CLANG_WARN_DOCUMENTATION_COMMENTS = YES;
				CLANG_WARN_EMPTY_BODY = YES;
				CLANG_WARN_ENUM_CONVERSION = YES;
				CLANG_WARN_INFINITE_RECURSION = YES;
				CLANG_WARN_INT_CONVERSION = YES;
				CLANG_WARN_NON_LITERAL_NULL_CONVERSION = YES;
				CLANG_WARN_OBJC_IMPLICIT_RETAIN_SELF = YES;
				CLANG_WARN_OBJC_LITERAL_CONVERSION = YES;
				CLANG_WARN_OBJC_ROOT_CLASS = YES_ERROR;
				CLANG_WARN_RANGE_LOOP_ANALYSIS = YES;
				CLANG_WARN_STRICT_PROTOTYPES = YES;
				CLANG_WARN_SUSPICIOUS_MOVE = YES;
				CLANG_WARN_UNGUARDED_AVAILABILITY = YES_AGGRESSIVE;
				CLANG_WARN_UNREACHABLE_CODE = YES;
				CLANG_WARN__DUPLICATE_METHOD_MATCH = YES;
				CODE_SIGN_IDENTITY = "iPhone Developer";
				COPY_PHASE_STRIP = NO;
				DEBUG_INFORMATION_FORMAT = "dwarf-with-dsym";
				ENABLE_NS_ASSERTIONS = NO;
				ENABLE_STRICT_OBJC_MSGSEND = YES;
				GCC_C_LANGUAGE_STANDARD = gnu11;
				GCC_NO_COMMON_BLOCKS = YES;
				GCC_WARN_64_TO_32_BIT_CONVERSION = YES;
				GCC_WARN_ABOUT_RETURN_TYPE = YES_ERROR;
				GCC_WARN_UNDECLARED_SELECTOR = YES;
				GCC_WARN_UNINITIALIZED_AUTOS = YES_AGGRESSIVE;
				GCC_WARN_UNUSED_FUNCTION = YES;
				GCC_WARN_UNUSED_VARIABLE = YES;
				IPHONEOS_DEPLOYMENT_TARGET = 12.2;
				MTL_ENABLE_DEBUG_INFO = NO;
				MTL_FAST_MATH = YES;
				SDKROOT = iphoneos;
				SWIFT_COMPILATION_MODE = wholemodule;
				SWIFT_OPTIMIZATION_LEVEL = "-O";
				VALIDATE_PRODUCT = YES;
			};
			name = Release;
		};
		4600A72323278D38004A7A9E /* Debug */ = {
			isa = XCBuildConfiguration;
			baseConfigurationReference = 477FF479109FF521DF9958AC /* Pods-Movecoin.debug.xcconfig */;
			buildSettings = {
				ASSETCATALOG_COMPILER_APPICON_NAME = AppIcon;
				CODE_SIGN_STYLE = Automatic;
				DEVELOPMENT_TEAM = LNR2265795;
				FRAMEWORK_SEARCH_PATHS = "$(inherited)";
				INFOPLIST_FILE = Movecoin/Info.plist;
				IPHONEOS_DEPLOYMENT_TARGET = 12.0;
				LD_RUNPATH_SEARCH_PATHS = (
					"$(inherited)",
					"@executable_path/Frameworks",
				);
				PRODUCT_BUNDLE_IDENTIFIER = com.app.Practical.Movecoin;
				PRODUCT_NAME = "$(TARGET_NAME)";
				SWIFT_OBJC_BRIDGING_HEADER = "/Users/eww090/Documents/Bhumi/Projects/Movecoin/Movecoin/Resources/Movecoin-Bridging-Header.h";
				SWIFT_VERSION = 5.0;
				TARGETED_DEVICE_FAMILY = 1;
			};
			name = Debug;
		};
		4600A72423278D38004A7A9E /* Release */ = {
			isa = XCBuildConfiguration;
			baseConfigurationReference = 4D4D633531C407587B2596F3 /* Pods-Movecoin.release.xcconfig */;
			buildSettings = {
				ASSETCATALOG_COMPILER_APPICON_NAME = AppIcon;
				CODE_SIGN_STYLE = Automatic;
				DEVELOPMENT_TEAM = LNR2265795;
				INFOPLIST_FILE = Movecoin/Info.plist;
				IPHONEOS_DEPLOYMENT_TARGET = 12.0;
				LD_RUNPATH_SEARCH_PATHS = (
					"$(inherited)",
					"@executable_path/Frameworks",
				);
				PRODUCT_BUNDLE_IDENTIFIER = com.app.Practical.Movecoin;
				PRODUCT_NAME = "$(TARGET_NAME)";
				SWIFT_OBJC_BRIDGING_HEADER = "/Users/eww090/Documents/Bhumi/Projects/Movecoin/Movecoin/Resources/Movecoin-Bridging-Header.h";
				SWIFT_VERSION = 5.0;
				TARGETED_DEVICE_FAMILY = 1;
			};
			name = Release;
		};
/* End XCBuildConfiguration section */

/* Begin XCConfigurationList section */
		4600A70B23278D37004A7A9E /* Build configuration list for PBXProject "Movecoin" */ = {
			isa = XCConfigurationList;
			buildConfigurations = (
				4600A72023278D38004A7A9E /* Debug */,
				4600A72123278D38004A7A9E /* Release */,
			);
			defaultConfigurationIsVisible = 0;
			defaultConfigurationName = Release;
		};
		4600A72223278D38004A7A9E /* Build configuration list for PBXNativeTarget "Movecoin" */ = {
			isa = XCConfigurationList;
			buildConfigurations = (
				4600A72323278D38004A7A9E /* Debug */,
				4600A72423278D38004A7A9E /* Release */,
			);
			defaultConfigurationIsVisible = 0;
			defaultConfigurationName = Release;
		};
/* End XCConfigurationList section */
	};
	rootObject = 4600A70823278D37004A7A9E /* Project object */;
}
